
Microsoft Visual Studio Solution File, Format Version 12.00
# Visual Studio Version 17
VisualStudioVersion = 17.10.35027.167
MinimumVisualStudioVersion = 10.0.40219.1
Project("{9A19103F-16F7-4668-BE54-9A1E7A4F7556}") = "Supershop", "Supershop\Supershop.csproj", "{5922C608-5938-482D-A6BC-13F11D6BD1B6}"
EndProject
Project("{FAE04EC0-301F-11D3-BF4B-00C04F79EFBC}") = "Supershop.Prism", "Supershop.Prism\Supershop.Prism\Supershop.Prism.csproj", "{FB630A0F-37C1-4A53-A801-103C2C0CC7EF}"
EndProject
Project("{FAE04EC0-301F-11D3-BF4B-00C04F79EFBC}") = "Supershop.Prism.Android", "Supershop.Prism\Supershop.Prism.Android\Supershop.Prism.Android.csproj", "{197EAA2D-819A-4B35-B2D5-0CCBCE35ADA6}"
EndProject
Project("{FAE04EC0-301F-11D3-BF4B-00C04F79EFBC}") = "Supershop.Prism.iOS", "Supershop.Prism\Supershop.Prism.iOS\Supershop.Prism.iOS.csproj", "{8C2B359D-009B-4F18-88DB-217D96AAB200}"
EndProject
Global
	GlobalSection(SolutionConfigurationPlatforms) = preSolution
		Ad-Hoc|Any CPU = Ad-Hoc|Any CPU
		Ad-Hoc|ARM = Ad-Hoc|ARM
		Ad-Hoc|iPhone = Ad-Hoc|iPhone
		Ad-Hoc|iPhoneSimulator = Ad-Hoc|iPhoneSimulator
		Ad-Hoc|x64 = Ad-Hoc|x64
		Ad-Hoc|x86 = Ad-Hoc|x86
		AppStore|Any CPU = AppStore|Any CPU
		AppStore|ARM = AppStore|ARM
		AppStore|iPhone = AppStore|iPhone
		AppStore|iPhoneSimulator = AppStore|iPhoneSimulator
		AppStore|x64 = AppStore|x64
		AppStore|x86 = AppStore|x86
		Debug|Any CPU = Debug|Any CPU
		Debug|ARM = Debug|ARM
		Debug|iPhone = Debug|iPhone
		Debug|iPhoneSimulator = Debug|iPhoneSimulator
		Debug|x64 = Debug|x64
		Debug|x86 = Debug|x86
		Release|Any CPU = Release|Any CPU
		Release|ARM = Release|ARM
		Release|iPhone = Release|iPhone
		Release|iPhoneSimulator = Release|iPhoneSimulator
		Release|x64 = Release|x64
		Release|x86 = Release|x86
	EndGlobalSection
	GlobalSection(ProjectConfigurationPlatforms) = postSolution
		{5922C608-5938-482D-A6BC-13F11D6BD1B6}.Ad-Hoc|Any CPU.ActiveCfg = Release|Any CPU
		{5922C608-5938-482D-A6BC-13F11D6BD1B6}.Ad-Hoc|Any CPU.Build.0 = Release|Any CPU
		{5922C608-5938-482D-A6BC-13F11D6BD1B6}.Ad-Hoc|ARM.ActiveCfg = Release|Any CPU
		{5922C608-5938-482D-A6BC-13F11D6BD1B6}.Ad-Hoc|ARM.Build.0 = Release|Any CPU
		{5922C608-5938-482D-A6BC-13F11D6BD1B6}.Ad-Hoc|iPhone.ActiveCfg = Release|Any CPU
		{5922C608-5938-482D-A6BC-13F11D6BD1B6}.Ad-Hoc|iPhone.Build.0 = Release|Any CPU
		{5922C608-5938-482D-A6BC-13F11D6BD1B6}.Ad-Hoc|iPhoneSimulator.ActiveCfg = Release|Any CPU
		{5922C608-5938-482D-A6BC-13F11D6BD1B6}.Ad-Hoc|iPhoneSimulator.Build.0 = Release|Any CPU
		{5922C608-5938-482D-A6BC-13F11D6BD1B6}.Ad-Hoc|x64.ActiveCfg = Release|Any CPU
		{5922C608-5938-482D-A6BC-13F11D6BD1B6}.Ad-Hoc|x64.Build.0 = Release|Any CPU
		{5922C608-5938-482D-A6BC-13F11D6BD1B6}.Ad-Hoc|x86.ActiveCfg = Release|Any CPU
		{5922C608-5938-482D-A6BC-13F11D6BD1B6}.Ad-Hoc|x86.Build.0 = Release|Any CPU
		{5922C608-5938-482D-A6BC-13F11D6BD1B6}.AppStore|Any CPU.ActiveCfg = Release|Any CPU
		{5922C608-5938-482D-A6BC-13F11D6BD1B6}.AppStore|Any CPU.Build.0 = Release|Any CPU
		{5922C608-5938-482D-A6BC-13F11D6BD1B6}.AppStore|ARM.ActiveCfg = Release|Any CPU
		{5922C608-5938-482D-A6BC-13F11D6BD1B6}.AppStore|ARM.Build.0 = Release|Any CPU
		{5922C608-5938-482D-A6BC-13F11D6BD1B6}.AppStore|iPhone.ActiveCfg = Release|Any CPU
		{5922C608-5938-482D-A6BC-13F11D6BD1B6}.AppStore|iPhone.Build.0 = Release|Any CPU
		{5922C608-5938-482D-A6BC-13F11D6BD1B6}.AppStore|iPhoneSimulator.ActiveCfg = Release|Any CPU
		{5922C608-5938-482D-A6BC-13F11D6BD1B6}.AppStore|iPhoneSimulator.Build.0 = Release|Any CPU
		{5922C608-5938-482D-A6BC-13F11D6BD1B6}.AppStore|x64.ActiveCfg = Release|Any CPU
		{5922C608-5938-482D-A6BC-13F11D6BD1B6}.AppStore|x64.Build.0 = Release|Any CPU
		{5922C608-5938-482D-A6BC-13F11D6BD1B6}.AppStore|x86.ActiveCfg = Release|Any CPU
		{5922C608-5938-482D-A6BC-13F11D6BD1B6}.AppStore|x86.Build.0 = Release|Any CPU
		{5922C608-5938-482D-A6BC-13F11D6BD1B6}.Debug|Any CPU.ActiveCfg = Debug|Any CPU
		{5922C608-5938-482D-A6BC-13F11D6BD1B6}.Debug|Any CPU.Build.0 = Debug|Any CPU
		{5922C608-5938-482D-A6BC-13F11D6BD1B6}.Debug|ARM.ActiveCfg = Debug|Any CPU
		{5922C608-5938-482D-A6BC-13F11D6BD1B6}.Debug|ARM.Build.0 = Debug|Any CPU
		{5922C608-5938-482D-A6BC-13F11D6BD1B6}.Debug|iPhone.ActiveCfg = Debug|Any CPU
		{5922C608-5938-482D-A6BC-13F11D6BD1B6}.Debug|iPhone.Build.0 = Debug|Any CPU
		{5922C608-5938-482D-A6BC-13F11D6BD1B6}.Debug|iPhoneSimulator.ActiveCfg = Debug|Any CPU
		{5922C608-5938-482D-A6BC-13F11D6BD1B6}.Debug|iPhoneSimulator.Build.0 = Debug|Any CPU
		{5922C608-5938-482D-A6BC-13F11D6BD1B6}.Debug|x64.ActiveCfg = Debug|Any CPU
		{5922C608-5938-482D-A6BC-13F11D6BD1B6}.Debug|x64.Build.0 = Debug|Any CPU
		{5922C608-5938-482D-A6BC-13F11D6BD1B6}.Debug|x86.ActiveCfg = Debug|Any CPU
		{5922C608-5938-482D-A6BC-13F11D6BD1B6}.Debug|x86.Build.0 = Debug|Any CPU
		{5922C608-5938-482D-A6BC-13F11D6BD1B6}.Release|Any CPU.ActiveCfg = Release|Any CPU
		{5922C608-5938-482D-A6BC-13F11D6BD1B6}.Release|Any CPU.Build.0 = Release|Any CPU
		{5922C608-5938-482D-A6BC-13F11D6BD1B6}.Release|ARM.ActiveCfg = Release|Any CPU
		{5922C608-5938-482D-A6BC-13F11D6BD1B6}.Release|ARM.Build.0 = Release|Any CPU
		{5922C608-5938-482D-A6BC-13F11D6BD1B6}.Release|iPhone.ActiveCfg = Release|Any CPU
		{5922C608-5938-482D-A6BC-13F11D6BD1B6}.Release|iPhone.Build.0 = Release|Any CPU
		{5922C608-5938-482D-A6BC-13F11D6BD1B6}.Release|iPhoneSimulator.ActiveCfg = Release|Any CPU
		{5922C608-5938-482D-A6BC-13F11D6BD1B6}.Release|iPhoneSimulator.Build.0 = Release|Any CPU
		{5922C608-5938-482D-A6BC-13F11D6BD1B6}.Release|x64.ActiveCfg = Release|Any CPU
		{5922C608-5938-482D-A6BC-13F11D6BD1B6}.Release|x64.Build.0 = Release|Any CPU
		{5922C608-5938-482D-A6BC-13F11D6BD1B6}.Release|x86.ActiveCfg = Release|Any CPU
		{5922C608-5938-482D-A6BC-13F11D6BD1B6}.Release|x86.Build.0 = Release|Any CPU
		{FB630A0F-37C1-4A53-A801-103C2C0CC7EF}.Ad-Hoc|Any CPU.ActiveCfg = Debug|Any CPU
		{FB630A0F-37C1-4A53-A801-103C2C0CC7EF}.Ad-Hoc|Any CPU.Build.0 = Debug|Any CPU
		{FB630A0F-37C1-4A53-A801-103C2C0CC7EF}.Ad-Hoc|ARM.ActiveCfg = Debug|Any CPU
		{FB630A0F-37C1-4A53-A801-103C2C0CC7EF}.Ad-Hoc|ARM.Build.0 = Debug|Any CPU
		{FB630A0F-37C1-4A53-A801-103C2C0CC7EF}.Ad-Hoc|iPhone.ActiveCfg = Debug|Any CPU
		{FB630A0F-37C1-4A53-A801-103C2C0CC7EF}.Ad-Hoc|iPhone.Build.0 = Debug|Any CPU
		{FB630A0F-37C1-4A53-A801-103C2C0CC7EF}.Ad-Hoc|iPhoneSimulator.ActiveCfg = Debug|Any CPU
		{FB630A0F-37C1-4A53-A801-103C2C0CC7EF}.Ad-Hoc|iPhoneSimulator.Build.0 = Debug|Any CPU
		{FB630A0F-37C1-4A53-A801-103C2C0CC7EF}.Ad-Hoc|x64.ActiveCfg = Debug|Any CPU
		{FB630A0F-37C1-4A53-A801-103C2C0CC7EF}.Ad-Hoc|x64.Build.0 = Debug|Any CPU
		{FB630A0F-37C1-4A53-A801-103C2C0CC7EF}.Ad-Hoc|x86.ActiveCfg = Debug|Any CPU
		{FB630A0F-37C1-4A53-A801-103C2C0CC7EF}.Ad-Hoc|x86.Build.0 = Debug|Any CPU
		{FB630A0F-37C1-4A53-A801-103C2C0CC7EF}.AppStore|Any CPU.ActiveCfg = Debug|Any CPU
		{FB630A0F-37C1-4A53-A801-103C2C0CC7EF}.AppStore|Any CPU.Build.0 = Debug|Any CPU
		{FB630A0F-37C1-4A53-A801-103C2C0CC7EF}.AppStore|ARM.ActiveCfg = Debug|Any CPU
		{FB630A0F-37C1-4A53-A801-103C2C0CC7EF}.AppStore|ARM.Build.0 = Debug|Any CPU
		{FB630A0F-37C1-4A53-A801-103C2C0CC7EF}.AppStore|iPhone.ActiveCfg = Debug|Any CPU
		{FB630A0F-37C1-4A53-A801-103C2C0CC7EF}.AppStore|iPhone.Build.0 = Debug|Any CPU
		{FB630A0F-37C1-4A53-A801-103C2C0CC7EF}.AppStore|iPhoneSimulator.ActiveCfg = Debug|Any CPU
		{FB630A0F-37C1-4A53-A801-103C2C0CC7EF}.AppStore|iPhoneSimulator.Build.0 = Debug|Any CPU
		{FB630A0F-37C1-4A53-A801-103C2C0CC7EF}.AppStore|x64.ActiveCfg = Debug|Any CPU
		{FB630A0F-37C1-4A53-A801-103C2C0CC7EF}.AppStore|x64.Build.0 = Debug|Any CPU
		{FB630A0F-37C1-4A53-A801-103C2C0CC7EF}.AppStore|x86.ActiveCfg = Debug|Any CPU
		{FB630A0F-37C1-4A53-A801-103C2C0CC7EF}.AppStore|x86.Build.0 = Debug|Any CPU
		{FB630A0F-37C1-4A53-A801-103C2C0CC7EF}.Debug|Any CPU.ActiveCfg = Debug|Any CPU
		{FB630A0F-37C1-4A53-A801-103C2C0CC7EF}.Debug|Any CPU.Build.0 = Debug|Any CPU
		{FB630A0F-37C1-4A53-A801-103C2C0CC7EF}.Debug|ARM.ActiveCfg = Debug|Any CPU
		{FB630A0F-37C1-4A53-A801-103C2C0CC7EF}.Debug|ARM.Build.0 = Debug|Any CPU
		{FB630A0F-37C1-4A53-A801-103C2C0CC7EF}.Debug|iPhone.ActiveCfg = Debug|Any CPU
		{FB630A0F-37C1-4A53-A801-103C2C0CC7EF}.Debug|iPhone.Build.0 = Debug|Any CPU
		{FB630A0F-37C1-4A53-A801-103C2C0CC7EF}.Debug|iPhoneSimulator.ActiveCfg = Debug|Any CPU
		{FB630A0F-37C1-4A53-A801-103C2C0CC7EF}.Debug|iPhoneSimulator.Build.0 = Debug|Any CPU
		{FB630A0F-37C1-4A53-A801-103C2C0CC7EF}.Debug|x64.ActiveCfg = Debug|Any CPU
		{FB630A0F-37C1-4A53-A801-103C2C0CC7EF}.Debug|x64.Build.0 = Debug|Any CPU
		{FB630A0F-37C1-4A53-A801-103C2C0CC7EF}.Debug|x86.ActiveCfg = Debug|Any CPU
		{FB630A0F-37C1-4A53-A801-103C2C0CC7EF}.Debug|x86.Build.0 = Debug|Any CPU
		{FB630A0F-37C1-4A53-A801-103C2C0CC7EF}.Release|Any CPU.ActiveCfg = Release|Any CPU
		{FB630A0F-37C1-4A53-A801-103C2C0CC7EF}.Release|Any CPU.Build.0 = Release|Any CPU
		{FB630A0F-37C1-4A53-A801-103C2C0CC7EF}.Release|ARM.ActiveCfg = Release|Any CPU
		{FB630A0F-37C1-4A53-A801-103C2C0CC7EF}.Release|ARM.Build.0 = Release|Any CPU
		{FB630A0F-37C1-4A53-A801-103C2C0CC7EF}.Release|iPhone.ActiveCfg = Release|Any CPU
		{FB630A0F-37C1-4A53-A801-103C2C0CC7EF}.Release|iPhone.Build.0 = Release|Any CPU
		{FB630A0F-37C1-4A53-A801-103C2C0CC7EF}.Release|iPhoneSimulator.ActiveCfg = Release|Any CPU
		{FB630A0F-37C1-4A53-A801-103C2C0CC7EF}.Release|iPhoneSimulator.Build.0 = Release|Any CPU
		{FB630A0F-37C1-4A53-A801-103C2C0CC7EF}.Release|x64.ActiveCfg = Release|Any CPU
		{FB630A0F-37C1-4A53-A801-103C2C0CC7EF}.Release|x64.Build.0 = Release|Any CPU
		{FB630A0F-37C1-4A53-A801-103C2C0CC7EF}.Release|x86.ActiveCfg = Release|Any CPU
		{FB630A0F-37C1-4A53-A801-103C2C0CC7EF}.Release|x86.Build.0 = Release|Any CPU
		{197EAA2D-819A-4B35-B2D5-0CCBCE35ADA6}.Ad-Hoc|Any CPU.ActiveCfg = Debug|Any CPU
		{197EAA2D-819A-4B35-B2D5-0CCBCE35ADA6}.Ad-Hoc|Any CPU.Build.0 = Debug|Any CPU
		{197EAA2D-819A-4B35-B2D5-0CCBCE35ADA6}.Ad-Hoc|Any CPU.Deploy.0 = Debug|Any CPU
		{197EAA2D-819A-4B35-B2D5-0CCBCE35ADA6}.Ad-Hoc|ARM.ActiveCfg = Debug|Any CPU
		{197EAA2D-819A-4B35-B2D5-0CCBCE35ADA6}.Ad-Hoc|ARM.Build.0 = Debug|Any CPU
		{197EAA2D-819A-4B35-B2D5-0CCBCE35ADA6}.Ad-Hoc|ARM.Deploy.0 = Debug|Any CPU
		{197EAA2D-819A-4B35-B2D5-0CCBCE35ADA6}.Ad-Hoc|iPhone.ActiveCfg = Debug|Any CPU
		{197EAA2D-819A-4B35-B2D5-0CCBCE35ADA6}.Ad-Hoc|iPhone.Build.0 = Debug|Any CPU
		{197EAA2D-819A-4B35-B2D5-0CCBCE35ADA6}.Ad-Hoc|iPhone.Deploy.0 = Debug|Any CPU
		{197EAA2D-819A-4B35-B2D5-0CCBCE35ADA6}.Ad-Hoc|iPhoneSimulator.ActiveCfg = Debug|Any CPU
		{197EAA2D-819A-4B35-B2D5-0CCBCE35ADA6}.Ad-Hoc|iPhoneSimulator.Build.0 = Debug|Any CPU
		{197EAA2D-819A-4B35-B2D5-0CCBCE35ADA6}.Ad-Hoc|iPhoneSimulator.Deploy.0 = Debug|Any CPU
		{197EAA2D-819A-4B35-B2D5-0CCBCE35ADA6}.Ad-Hoc|x64.ActiveCfg = Debug|Any CPU
		{197EAA2D-819A-4B35-B2D5-0CCBCE35ADA6}.Ad-Hoc|x64.Build.0 = Debug|Any CPU
		{197EAA2D-819A-4B35-B2D5-0CCBCE35ADA6}.Ad-Hoc|x64.Deploy.0 = Debug|Any CPU
		{197EAA2D-819A-4B35-B2D5-0CCBCE35ADA6}.Ad-Hoc|x86.ActiveCfg = Debug|Any CPU
		{197EAA2D-819A-4B35-B2D5-0CCBCE35ADA6}.Ad-Hoc|x86.Build.0 = Debug|Any CPU
		{197EAA2D-819A-4B35-B2D5-0CCBCE35ADA6}.Ad-Hoc|x86.Deploy.0 = Debug|Any CPU
		{197EAA2D-819A-4B35-B2D5-0CCBCE35ADA6}.AppStore|Any CPU.ActiveCfg = Debug|Any CPU
		{197EAA2D-819A-4B35-B2D5-0CCBCE35ADA6}.AppStore|Any CPU.Build.0 = Debug|Any CPU
		{197EAA2D-819A-4B35-B2D5-0CCBCE35ADA6}.AppStore|Any CPU.Deploy.0 = Debug|Any CPU
		{197EAA2D-819A-4B35-B2D5-0CCBCE35ADA6}.AppStore|ARM.ActiveCfg = Debug|Any CPU
		{197EAA2D-819A-4B35-B2D5-0CCBCE35ADA6}.AppStore|ARM.Build.0 = Debug|Any CPU
		{197EAA2D-819A-4B35-B2D5-0CCBCE35ADA6}.AppStore|ARM.Deploy.0 = Debug|Any CPU
		{197EAA2D-819A-4B35-B2D5-0CCBCE35ADA6}.AppStore|iPhone.ActiveCfg = Debug|Any CPU
		{197EAA2D-819A-4B35-B2D5-0CCBCE35ADA6}.AppStore|iPhone.Build.0 = Debug|Any CPU
		{197EAA2D-819A-4B35-B2D5-0CCBCE35ADA6}.AppStore|iPhone.Deploy.0 = Debug|Any CPU
		{197EAA2D-819A-4B35-B2D5-0CCBCE35ADA6}.AppStore|iPhoneSimulator.ActiveCfg = Debug|Any CPU
		{197EAA2D-819A-4B35-B2D5-0CCBCE35ADA6}.AppStore|iPhoneSimulator.Build.0 = Debug|Any CPU
		{197EAA2D-819A-4B35-B2D5-0CCBCE35ADA6}.AppStore|iPhoneSimulator.Deploy.0 = Debug|Any CPU
		{197EAA2D-819A-4B35-B2D5-0CCBCE35ADA6}.AppStore|x64.ActiveCfg = Debug|Any CPU
		{197EAA2D-819A-4B35-B2D5-0CCBCE35ADA6}.AppStore|x64.Build.0 = Debug|Any CPU
		{197EAA2D-819A-4B35-B2D5-0CCBCE35ADA6}.AppStore|x64.Deploy.0 = Debug|Any CPU
		{197EAA2D-819A-4B35-B2D5-0CCBCE35ADA6}.AppStore|x86.ActiveCfg = Debug|Any CPU
		{197EAA2D-819A-4B35-B2D5-0CCBCE35ADA6}.AppStore|x86.Build.0 = Debug|Any CPU
		{197EAA2D-819A-4B35-B2D5-0CCBCE35ADA6}.AppStore|x86.Deploy.0 = Debug|Any CPU
		{197EAA2D-819A-4B35-B2D5-0CCBCE35ADA6}.Debug|Any CPU.ActiveCfg = Debug|Any CPU
		{197EAA2D-819A-4B35-B2D5-0CCBCE35ADA6}.Debug|Any CPU.Build.0 = Debug|Any CPU
		{197EAA2D-819A-4B35-B2D5-0CCBCE35ADA6}.Debug|Any CPU.Deploy.0 = Debug|Any CPU
		{197EAA2D-819A-4B35-B2D5-0CCBCE35ADA6}.Debug|ARM.ActiveCfg = Debug|Any CPU
		{197EAA2D-819A-4B35-B2D5-0CCBCE35ADA6}.Debug|ARM.Build.0 = Debug|Any CPU
		{197EAA2D-819A-4B35-B2D5-0CCBCE35ADA6}.Debug|ARM.Deploy.0 = Debug|Any CPU
		{197EAA2D-819A-4B35-B2D5-0CCBCE35ADA6}.Debug|iPhone.ActiveCfg = Debug|Any CPU
		{197EAA2D-819A-4B35-B2D5-0CCBCE35ADA6}.Debug|iPhone.Build.0 = Debug|Any CPU
		{197EAA2D-819A-4B35-B2D5-0CCBCE35ADA6}.Debug|iPhone.Deploy.0 = Debug|Any CPU
		{197EAA2D-819A-4B35-B2D5-0CCBCE35ADA6}.Debug|iPhoneSimulator.ActiveCfg = Debug|Any CPU
		{197EAA2D-819A-4B35-B2D5-0CCBCE35ADA6}.Debug|iPhoneSimulator.Build.0 = Debug|Any CPU
		{197EAA2D-819A-4B35-B2D5-0CCBCE35ADA6}.Debug|iPhoneSimulator.Deploy.0 = Debug|Any CPU
		{197EAA2D-819A-4B35-B2D5-0CCBCE35ADA6}.Debug|x64.ActiveCfg = Debug|Any CPU
		{197EAA2D-819A-4B35-B2D5-0CCBCE35ADA6}.Debug|x64.Build.0 = Debug|Any CPU
		{197EAA2D-819A-4B35-B2D5-0CCBCE35ADA6}.Debug|x64.Deploy.0 = Debug|Any CPU
		{197EAA2D-819A-4B35-B2D5-0CCBCE35ADA6}.Debug|x86.ActiveCfg = Debug|Any CPU
		{197EAA2D-819A-4B35-B2D5-0CCBCE35ADA6}.Debug|x86.Build.0 = Debug|Any CPU
		{197EAA2D-819A-4B35-B2D5-0CCBCE35ADA6}.Debug|x86.Deploy.0 = Debug|Any CPU
		{197EAA2D-819A-4B35-B2D5-0CCBCE35ADA6}.Release|Any CPU.ActiveCfg = Release|Any CPU
		{197EAA2D-819A-4B35-B2D5-0CCBCE35ADA6}.Release|Any CPU.Build.0 = Release|Any CPU
		{197EAA2D-819A-4B35-B2D5-0CCBCE35ADA6}.Release|Any CPU.Deploy.0 = Release|Any CPU
		{197EAA2D-819A-4B35-B2D5-0CCBCE35ADA6}.Release|ARM.ActiveCfg = Release|Any CPU
		{197EAA2D-819A-4B35-B2D5-0CCBCE35ADA6}.Release|ARM.Build.0 = Release|Any CPU
		{197EAA2D-819A-4B35-B2D5-0CCBCE35ADA6}.Release|ARM.Deploy.0 = Release|Any CPU
		{197EAA2D-819A-4B35-B2D5-0CCBCE35ADA6}.Release|iPhone.ActiveCfg = Release|Any CPU
		{197EAA2D-819A-4B35-B2D5-0CCBCE35ADA6}.Release|iPhone.Build.0 = Release|Any CPU
		{197EAA2D-819A-4B35-B2D5-0CCBCE35ADA6}.Release|iPhone.Deploy.0 = Release|Any CPU
		{197EAA2D-819A-4B35-B2D5-0CCBCE35ADA6}.Release|iPhoneSimulator.ActiveCfg = Release|Any CPU
		{197EAA2D-819A-4B35-B2D5-0CCBCE35ADA6}.Release|iPhoneSimulator.Build.0 = Release|Any CPU
		{197EAA2D-819A-4B35-B2D5-0CCBCE35ADA6}.Release|iPhoneSimulator.Deploy.0 = Release|Any CPU
		{197EAA2D-819A-4B35-B2D5-0CCBCE35ADA6}.Release|x64.ActiveCfg = Release|Any CPU
		{197EAA2D-819A-4B35-B2D5-0CCBCE35ADA6}.Release|x64.Build.0 = Release|Any CPU
		{197EAA2D-819A-4B35-B2D5-0CCBCE35ADA6}.Release|x64.Deploy.0 = Release|Any CPU
		{197EAA2D-819A-4B35-B2D5-0CCBCE35ADA6}.Release|x86.ActiveCfg = Release|Any CPU
		{197EAA2D-819A-4B35-B2D5-0CCBCE35ADA6}.Release|x86.Build.0 = Release|Any CPU
		{197EAA2D-819A-4B35-B2D5-0CCBCE35ADA6}.Release|x86.Deploy.0 = Release|Any CPU
		{8C2B359D-009B-4F18-88DB-217D96AAB200}.Ad-Hoc|Any CPU.ActiveCfg = Ad-Hoc|iPhoneSimulator
		{8C2B359D-009B-4F18-88DB-217D96AAB200}.Ad-Hoc|Any CPU.Build.0 = Ad-Hoc|iPhoneSimulator
		{8C2B359D-009B-4F18-88DB-217D96AAB200}.Ad-Hoc|ARM.ActiveCfg = Ad-Hoc|iPhoneSimulator
		{8C2B359D-009B-4F18-88DB-217D96AAB200}.Ad-Hoc|ARM.Build.0 = Ad-Hoc|iPhoneSimulator
		{8C2B359D-009B-4F18-88DB-217D96AAB200}.Ad-Hoc|iPhone.ActiveCfg = Ad-Hoc|iPhone
		{8C2B359D-009B-4F18-88DB-217D96AAB200}.Ad-Hoc|iPhone.Build.0 = Ad-Hoc|iPhone
		{8C2B359D-009B-4F18-88DB-217D96AAB200}.Ad-Hoc|iPhoneSimulator.ActiveCfg = Ad-Hoc|iPhoneSimulator
		{8C2B359D-009B-4F18-88DB-217D96AAB200}.Ad-Hoc|iPhoneSimulator.Build.0 = Ad-Hoc|iPhoneSimulator
		{8C2B359D-009B-4F18-88DB-217D96AAB200}.Ad-Hoc|x64.ActiveCfg = Ad-Hoc|iPhoneSimulator
		{8C2B359D-009B-4F18-88DB-217D96AAB200}.Ad-Hoc|x64.Build.0 = Ad-Hoc|iPhoneSimulator
		{8C2B359D-009B-4F18-88DB-217D96AAB200}.Ad-Hoc|x86.ActiveCfg = Ad-Hoc|iPhoneSimulator
		{8C2B359D-009B-4F18-88DB-217D96AAB200}.Ad-Hoc|x86.Build.0 = Ad-Hoc|iPhoneSimulator
		{8C2B359D-009B-4F18-88DB-217D96AAB200}.AppStore|Any CPU.ActiveCfg = AppStore|iPhoneSimulator
		{8C2B359D-009B-4F18-88DB-217D96AAB200}.AppStore|Any CPU.Build.0 = AppStore|iPhoneSimulator
		{8C2B359D-009B-4F18-88DB-217D96AAB200}.AppStore|ARM.ActiveCfg = AppStore|iPhoneSimulator
		{8C2B359D-009B-4F18-88DB-217D96AAB200}.AppStore|ARM.Build.0 = AppStore|iPhoneSimulator
		{8C2B359D-009B-4F18-88DB-217D96AAB200}.AppStore|iPhone.ActiveCfg = AppStore|iPhone
		{8C2B359D-009B-4F18-88DB-217D96AAB200}.AppStore|iPhone.Build.0 = AppStore|iPhone
		{8C2B359D-009B-4F18-88DB-217D96AAB200}.AppStore|iPhoneSimulator.ActiveCfg = AppStore|iPhoneSimulator
		{8C2B359D-009B-4F18-88DB-217D96AAB200}.AppStore|iPhoneSimulator.Build.0 = AppStore|iPhoneSimulator
		{8C2B359D-009B-4F18-88DB-217D96AAB200}.AppStore|x64.ActiveCfg = AppStore|iPhoneSimulator
		{8C2B359D-009B-4F18-88DB-217D96AAB200}.AppStore|x64.Build.0 = AppStore|iPhoneSimulator
		{8C2B359D-009B-4F18-88DB-217D96AAB200}.AppStore|x86.ActiveCfg = AppStore|iPhoneSimulator
		{8C2B359D-009B-4F18-88DB-217D96AAB200}.AppStore|x86.Build.0 = AppStore|iPhoneSimulator
		{8C2B359D-009B-4F18-88DB-217D96AAB200}.Debug|Any CPU.ActiveCfg = Debug|iPhoneSimulator
		{8C2B359D-009B-4F18-88DB-217D96AAB200}.Debug|Any CPU.Build.0 = Debug|iPhoneSimulator
		{8C2B359D-009B-4F18-88DB-217D96AAB200}.Debug|ARM.ActiveCfg = Debug|iPhoneSimulator
		{8C2B359D-009B-4F18-88DB-217D96AAB200}.Debug|ARM.Build.0 = Debug|iPhoneSimulator
		{8C2B359D-009B-4F18-88DB-217D96AAB200}.Debug|iPhone.ActiveCfg = Debug|iPhone
		{8C2B359D-009B-4F18-88DB-217D96AAB200}.Debug|iPhone.Build.0 = Debug|iPhone
		{8C2B359D-009B-4F18-88DB-217D96AAB200}.Debug|iPhoneSimulator.ActiveCfg = Debug|iPhoneSimulator
		{8C2B359D-009B-4F18-88DB-217D96AAB200}.Debug|iPhoneSimulator.Build.0 = Debug|iPhoneSimulator
		{8C2B359D-009B-4F18-88DB-217D96AAB200}.Debug|x64.ActiveCfg = Debug|iPhoneSimulator
		{8C2B359D-009B-4F18-88DB-217D96AAB200}.Debug|x64.Build.0 = Debug|iPhoneSimulator
		{8C2B359D-009B-4F18-88DB-217D96AAB200}.Debug|x86.ActiveCfg = Debug|iPhoneSimulator
		{8C2B359D-009B-4F18-88DB-217D96AAB200}.Debug|x86.Build.0 = Debug|iPhoneSimulator
		{8C2B359D-009B-4F18-88DB-217D96AAB200}.Release|Any CPU.ActiveCfg = Release|iPhoneSimulator
		{8C2B359D-009B-4F18-88DB-217D96AAB200}.Release|Any CPU.Build.0 = Release|iPhoneSimulator
		{8C2B359D-009B-4F18-88DB-217D96AAB200}.Release|ARM.ActiveCfg = Release|iPhoneSimulator
		{8C2B359D-009B-4F18-88DB-217D96AAB200}.Release|ARM.Build.0 = Release|iPhoneSimulator
		{8C2B359D-009B-4F18-88DB-217D96AAB200}.Release|iPhone.ActiveCfg = Release|iPhone
		{8C2B359D-009B-4F18-88DB-217D96AAB200}.Release|iPhone.Build.0 = Release|iPhone
		{8C2B359D-009B-4F18-88DB-217D96AAB200}.Release|iPhoneSimulator.ActiveCfg = Release|iPhoneSimulator
		{8C2B359D-009B-4F18-88DB-217D96AAB200}.Release|iPhoneSimulator.Build.0 = Release|iPhoneSimulator
		{8C2B359D-009B-4F18-88DB-217D96AAB200}.Release|x64.ActiveCfg = Release|iPhoneSimulator
		{8C2B359D-009B-4F18-88DB-217D96AAB200}.Release|x64.Build.0 = Release|iPhoneSimulator
		{8C2B359D-009B-4F18-88DB-217D96AAB200}.Release|x86.ActiveCfg = Release|iPhoneSimulator
		{8C2B359D-009B-4F18-88DB-217D96AAB200}.Release|x86.Build.0 = Release|iPhoneSimulator
	EndGlobalSection
	GlobalSection(SolutionProperties) = preSolution
		HideSolutionNode = FALSE
	EndGlobalSection
	GlobalSection(ExtensibilityGlobals) = postSolution
		SolutionGuid = {8E2482AD-CF27-42FF-8780-3A76AA6D480A}
	EndGlobalSection
EndGlobal
